
Microsoft Visual Studio Solution File, Format Version 12.00
# Visual Studio Version 16
VisualStudioVersion = 16.0.30611.23
MinimumVisualStudioVersion = 10.0.40219.1
Project("{FAE04EC0-301F-11D3-BF4B-00C04F79EFBC}") = "ExpenseIt", "ExpenseIt\ExpenseIt.csproj", "{1E17F89B-5DDA-4176-BED3-C7F51E67BBF7}"
EndProject
Global
	GlobalSection(SolutionConfigurationPlatforms) = preSolution
		Debug|Any CPU = Debug|Any CPU
		Release|Any CPU = Release|Any CPU
	EndGlobalSection
	GlobalSection(ProjectConfigurationPlatforms) = postSolution
		{1E17F89B-5DDA-4176-BED3-C7F51E67BBF7}.Debug|Any CPU.ActiveCfg = Debug|Any CPU
		{1E17F89B-5DDA-4176-BED3-C7F51E67BBF7}.Debug|Any CPU.Build.0 = Debug|Any CPU
		{1E17F89B-5DDA-4176-BED3-C7F51E67BBF7}.Release|Any CPU.ActiveCfg = Release|Any CPU
		{1E17F89B-5DDA-4176-BED3-C7F51E67BBF7}.Release|Any CPU.Build.0 = Release|Any CPU
	EndGlobalSection
	GlobalSection(SolutionProperties) = preSolution
		HideSolutionNode = FALSE
	EndGlobalSection
	GlobalSection(ExtensibilityGlobals) = postSolution
		SolutionGuid = {2D25E843-8EF4-4013-B013-209B94EB8A1E}
	EndGlobalSection
EndGlobal
